
Microsoft Visual Studio Solution File, Format Version 12.00
# Visual Studio Version 17
VisualStudioVersion = 17.9.34701.34
MinimumVisualStudioVersion = 10.0.40219.1
Project("{FAE04EC0-301F-11D3-BF4B-00C04F79EFBC}") = "Csharp Multiplayer Game Client", "Csharp Multiplayer Game Client.csproj", "{EDE1E382-37F7-4A8B-8703-D06E4F5710BF}"
EndProject
Global
	GlobalSection(SolutionConfigurationPlatforms) = preSolution
		Debug|Any CPU = Debug|Any CPU
		Release|Any CPU = Release|Any CPU
	EndGlobalSection
	GlobalSection(ProjectConfigurationPlatforms) = postSolution
		{EDE1E382-37F7-4A8B-8703-D06E4F5710BF}.Debug|Any CPU.ActiveCfg = Debug|Any CPU
		{EDE1E382-37F7-4A8B-8703-D06E4F5710BF}.Debug|Any CPU.Build.0 = Debug|Any CPU
		{EDE1E382-37F7-4A8B-8703-D06E4F5710BF}.Release|Any CPU.ActiveCfg = Release|Any CPU
		{EDE1E382-37F7-4A8B-8703-D06E4F5710BF}.Release|Any CPU.Build.0 = Release|Any CPU
	EndGlobalSection
	GlobalSection(SolutionProperties) = preSolution
		HideSolutionNode = FALSE
	EndGlobalSection
	GlobalSection(ExtensibilityGlobals) = postSolution
		SolutionGuid = {D816E221-327F-45FF-A567-9942A58446F5}
	EndGlobalSection
EndGlobal
